// !$*UTF8*$!
{
	archiveVersion = 1;
	classes = {
	};
	objectVersion = 46;
	objects = {

/* Begin PBXBuildFile section */
		F70373E31D7D64A900FBB057 /* AppDelegate.swift in Sources */ = {isa = PBXBuildFile; fileRef = F70373E21D7D64A900FBB057 /* AppDelegate.swift */; };
		F70373E51D7D64A900FBB057 /* ViewController.swift in Sources */ = {isa = PBXBuildFile; fileRef = F70373E41D7D64A900FBB057 /* ViewController.swift */; };
		F70373E71D7D64A900FBB057 /* Assets.xcassets in Resources */ = {isa = PBXBuildFile; fileRef = F70373E61D7D64A900FBB057 /* Assets.xcassets */; };
		F70373EA1D7D64A900FBB057 /* Main.storyboard in Resources */ = {isa = PBXBuildFile; fileRef = F70373E81D7D64A900FBB057 /* Main.storyboard */; };
		F771800E1D83932A008D1CDB /* SHA256Tests.swift in Sources */ = {isa = PBXBuildFile; fileRef = F771800D1D83932A008D1CDB /* SHA256Tests.swift */; };
		F77180111D83B966008D1CDB /* BLEMessageTests.swift in Sources */ = {isa = PBXBuildFile; fileRef = F77180101D83B966008D1CDB /* BLEMessageTests.swift */; };
		F77180151D83D419008D1CDB /* TestUtil.swift in Sources */ = {isa = PBXBuildFile; fileRef = F77180141D83D419008D1CDB /* TestUtil.swift */; };
		F77180301D84108D008D1CDB /* BLEMessage.swift in Sources */ = {isa = PBXBuildFile; fileRef = F77180271D84108D008D1CDB /* BLEMessage.swift */; };
		F77180311D84108D008D1CDB /* ClientData.swift in Sources */ = {isa = PBXBuildFile; fileRef = F77180281D84108D008D1CDB /* ClientData.swift */; };
		F77180321D84108D008D1CDB /* Constants.swift in Sources */ = {isa = PBXBuildFile; fileRef = F77180291D84108D008D1CDB /* Constants.swift */; };
		F77180331D84108D008D1CDB /* CoreExtensionssss.swift in Sources */ = {isa = PBXBuildFile; fileRef = F771802A1D84108D008D1CDB /* CoreExtensionssss.swift */; };
		F77180341D84108D008D1CDB /* RegisterRequest.swift in Sources */ = {isa = PBXBuildFile; fileRef = F771802B1D84108D008D1CDB /* RegisterRequest.swift */; };
		F77180361D84108D008D1CDB /* SHA256.swift in Sources */ = {isa = PBXBuildFile; fileRef = F771802D1D84108D008D1CDB /* SHA256.swift */; };
		F77180391D8410BB008D1CDB /* BLEMessage.swift in Sources */ = {isa = PBXBuildFile; fileRef = F77180271D84108D008D1CDB /* BLEMessage.swift */; };
		F771803A1D8410BB008D1CDB /* BLEMessage.swift in Sources */ = {isa = PBXBuildFile; fileRef = F77180271D84108D008D1CDB /* BLEMessage.swift */; };
		F771803B1D8410BF008D1CDB /* ClientData.swift in Sources */ = {isa = PBXBuildFile; fileRef = F77180281D84108D008D1CDB /* ClientData.swift */; };
		F771803C1D8410BF008D1CDB /* ClientData.swift in Sources */ = {isa = PBXBuildFile; fileRef = F77180281D84108D008D1CDB /* ClientData.swift */; };
		F771803D1D8410C2008D1CDB /* Constants.swift in Sources */ = {isa = PBXBuildFile; fileRef = F77180291D84108D008D1CDB /* Constants.swift */; };
		F771803E1D8410C2008D1CDB /* Constants.swift in Sources */ = {isa = PBXBuildFile; fileRef = F77180291D84108D008D1CDB /* Constants.swift */; };
		F771803F1D8410C5008D1CDB /* CoreExtensionssss.swift in Sources */ = {isa = PBXBuildFile; fileRef = F771802A1D84108D008D1CDB /* CoreExtensionssss.swift */; };
		F77180401D8410C6008D1CDB /* CoreExtensionssss.swift in Sources */ = {isa = PBXBuildFile; fileRef = F771802A1D84108D008D1CDB /* CoreExtensionssss.swift */; };
		F77180411D8410C8008D1CDB /* RegisterRequest.swift in Sources */ = {isa = PBXBuildFile; fileRef = F771802B1D84108D008D1CDB /* RegisterRequest.swift */; };
		F77180421D8410C9008D1CDB /* RegisterRequest.swift in Sources */ = {isa = PBXBuildFile; fileRef = F771802B1D84108D008D1CDB /* RegisterRequest.swift */; };
		F77180451D8410CE008D1CDB /* SHA256.swift in Sources */ = {isa = PBXBuildFile; fileRef = F771802D1D84108D008D1CDB /* SHA256.swift */; };
		F77180461D8410CF008D1CDB /* SHA256.swift in Sources */ = {isa = PBXBuildFile; fileRef = F771802D1D84108D008D1CDB /* SHA256.swift */; };
		F77CC2F61D7FB08800D28CAC /* StateMachine.swift in Sources */ = {isa = PBXBuildFile; fileRef = F77CC2F51D7FB08800D28CAC /* StateMachine.swift */; };
		F77CC2F71D7FB09200D28CAC /* StateMachine.swift in Sources */ = {isa = PBXBuildFile; fileRef = F77CC2F51D7FB08800D28CAC /* StateMachine.swift */; };
		F77CC2F91D801C4200D28CAC /* SecurityKeyClient.swift in Sources */ = {isa = PBXBuildFile; fileRef = F77CC2F81D801C4200D28CAC /* SecurityKeyClient.swift */; };
		F78C5BE51D78854B001BB080 /* AppDelegate.swift in Sources */ = {isa = PBXBuildFile; fileRef = F78C5BE41D78854B001BB080 /* AppDelegate.swift */; };
		F78C5BE71D78854B001BB080 /* ViewController.swift in Sources */ = {isa = PBXBuildFile; fileRef = F78C5BE61D78854B001BB080 /* ViewController.swift */; };
		F78C5BEA1D78854B001BB080 /* Main.storyboard in Resources */ = {isa = PBXBuildFile; fileRef = F78C5BE81D78854B001BB080 /* Main.storyboard */; };
		F78C5BEC1D78854B001BB080 /* Assets.xcassets in Resources */ = {isa = PBXBuildFile; fileRef = F78C5BEB1D78854B001BB080 /* Assets.xcassets */; };
		F78C5BEF1D78854B001BB080 /* LaunchScreen.storyboard in Resources */ = {isa = PBXBuildFile; fileRef = F78C5BED1D78854B001BB080 /* LaunchScreen.storyboard */; };
		F78C5BF71D78862D001BB080 /* SecurityKeyServer.swift in Sources */ = {isa = PBXBuildFile; fileRef = F78C5BF61D78862D001BB080 /* SecurityKeyServer.swift */; };
		F7CCC6DE1D85371200D539DE /* SelfSignedCertificate.m in Sources */ = {isa = PBXBuildFile; fileRef = F7CCC6DD1D85371200D539DE /* SelfSignedCertificate.m */; };
		F7CCC6DF1D85372300D539DE /* SelfSignedCertificate.m in Sources */ = {isa = PBXBuildFile; fileRef = F7CCC6DD1D85371200D539DE /* SelfSignedCertificate.m */; };
		F7CCC6E21D85374700D539DE /* openssl.framework in Frameworks */ = {isa = PBXBuildFile; fileRef = F7CCC6E11D85374700D539DE /* openssl.framework */; };
		F7CCC6E31D85374C00D539DE /* openssl.framework in Frameworks */ = {isa = PBXBuildFile; fileRef = F7CCC6E11D85374700D539DE /* openssl.framework */; };
		F7CCC6E61D85376A00D539DE /* KeyInterface.m in Sources */ = {isa = PBXBuildFile; fileRef = F7CCC6E51D85376A00D539DE /* KeyInterface.m */; };
		F7CCC6E71D85378500D539DE /* KeyInterface.m in Sources */ = {isa = PBXBuildFile; fileRef = F7CCC6E51D85376A00D539DE /* KeyInterface.m */; };
		F7CCC6E91D858E6300D539DE /* Authenticator.swift in Sources */ = {isa = PBXBuildFile; fileRef = F7CCC6E81D858E6300D539DE /* Authenticator.swift */; };
		F7CCC6EB1D858EA400D539DE /* RegisterResponse.swift in Sources */ = {isa = PBXBuildFile; fileRef = F7CCC6EA1D858EA400D539DE /* RegisterResponse.swift */; };
		F7CCC6ED1D85940400D539DE /* ClientDataTests.swift in Sources */ = {isa = PBXBuildFile; fileRef = F7CCC6EC1D85940400D539DE /* ClientDataTests.swift */; };
		F7CCC6F71D85A12D00D539DE /* Util.swift in Sources */ = {isa = PBXBuildFile; fileRef = F7CCC6F61D85A12D00D539DE /* Util.swift */; };
		F7CCC6F81D85A20600D539DE /* Util.swift in Sources */ = {isa = PBXBuildFile; fileRef = F7CCC6F61D85A12D00D539DE /* Util.swift */; };
		F7CCC6FA1D85A28800D539DE /* UtilTests.swift in Sources */ = {isa = PBXBuildFile; fileRef = F7CCC6F91D85A28800D539DE /* UtilTests.swift */; };
		F7CCC6FB1D85A6E300D539DE /* RegisterResponse.swift in Sources */ = {isa = PBXBuildFile; fileRef = F7CCC6EA1D858EA400D539DE /* RegisterResponse.swift */; };
		F7CCC6FC1D85A6E500D539DE /* RegisterResponse.swift in Sources */ = {isa = PBXBuildFile; fileRef = F7CCC6EA1D858EA400D539DE /* RegisterResponse.swift */; };
		F7CCC6FD1D85A6F800D539DE /* Util.swift in Sources */ = {isa = PBXBuildFile; fileRef = F7CCC6F61D85A12D00D539DE /* Util.swift */; };
		F7CCC70A1D86148300D539DE /* Authenticator.swift in Sources */ = {isa = PBXBuildFile; fileRef = F7CCC6E81D858E6300D539DE /* Authenticator.swift */; };
		F7CCC70B1D86148400D539DE /* Authenticator.swift in Sources */ = {isa = PBXBuildFile; fileRef = F7CCC6E81D858E6300D539DE /* Authenticator.swift */; };
		F7CCC70D1D861E8C00D539DE /* APDUHeader.swift in Sources */ = {isa = PBXBuildFile; fileRef = F7CCC70C1D861E8C00D539DE /* APDUHeader.swift */; };
		F7CCC70E1D861E8C00D539DE /* APDUHeader.swift in Sources */ = {isa = PBXBuildFile; fileRef = F7CCC70C1D861E8C00D539DE /* APDUHeader.swift */; };
		F7CCC70F1D861E8C00D539DE /* APDUHeader.swift in Sources */ = {isa = PBXBuildFile; fileRef = F7CCC70C1D861E8C00D539DE /* APDUHeader.swift */; };
		F7CCC7111D86202C00D539DE /* APDUError.swift in Sources */ = {isa = PBXBuildFile; fileRef = F7CCC7101D86202C00D539DE /* APDUError.swift */; };
		F7CCC7121D86202C00D539DE /* APDUError.swift in Sources */ = {isa = PBXBuildFile; fileRef = F7CCC7101D86202C00D539DE /* APDUError.swift */; };
		F7CCC7131D86202C00D539DE /* APDUError.swift in Sources */ = {isa = PBXBuildFile; fileRef = F7CCC7101D86202C00D539DE /* APDUError.swift */; };
		F7CCC7171D862BF600D539DE /* RegisterRequestTests.swift in Sources */ = {isa = PBXBuildFile; fileRef = F7CCC7161D862BF600D539DE /* RegisterRequestTests.swift */; };
		F7CCC7191D862F5F00D539DE /* RegisterResponseTests.swift in Sources */ = {isa = PBXBuildFile; fileRef = F7CCC7181D862F5F00D539DE /* RegisterResponseTests.swift */; };
		F7CCC71B1D86313D00D539DE /* APDUHeaderTests.swift in Sources */ = {isa = PBXBuildFile; fileRef = F7CCC71A1D86313D00D539DE /* APDUHeaderTests.swift */; };
		F7CCC7211D86326E00D539DE /* APDUCommand.swift in Sources */ = {isa = PBXBuildFile; fileRef = F7CCC7201D86326E00D539DE /* APDUCommand.swift */; };
		F7CCC7221D86326E00D539DE /* APDUCommand.swift in Sources */ = {isa = PBXBuildFile; fileRef = F7CCC7201D86326E00D539DE /* APDUCommand.swift */; };
		F7CCC7231D86326E00D539DE /* APDUCommand.swift in Sources */ = {isa = PBXBuildFile; fileRef = F7CCC7201D86326E00D539DE /* APDUCommand.swift */; };
		F7CCC7251D86361E00D539DE /* APDUCommandTests.swift in Sources */ = {isa = PBXBuildFile; fileRef = F7CCC7241D86361E00D539DE /* APDUCommandTests.swift */; };
		F7CCC7271D86371500D539DE /* DataReader.swift in Sources */ = {isa = PBXBuildFile; fileRef = F7CCC7261D86371500D539DE /* DataReader.swift */; };
		F7CCC7281D86371500D539DE /* DataReader.swift in Sources */ = {isa = PBXBuildFile; fileRef = F7CCC7261D86371500D539DE /* DataReader.swift */; };
		F7CCC7291D86371500D539DE /* DataReader.swift in Sources */ = {isa = PBXBuildFile; fileRef = F7CCC7261D86371500D539DE /* DataReader.swift */; };
		F7CCC72F1D8649A600D539DE /* DataReaderTests.swift in Sources */ = {isa = PBXBuildFile; fileRef = F7CCC72E1D8649A600D539DE /* DataReaderTests.swift */; };
		F7CCC7311D871E8300D539DE /* DataWriter.swift in Sources */ = {isa = PBXBuildFile; fileRef = F7CCC7301D871E8300D539DE /* DataWriter.swift */; };
		F7CCC7321D871E8300D539DE /* DataWriter.swift in Sources */ = {isa = PBXBuildFile; fileRef = F7CCC7301D871E8300D539DE /* DataWriter.swift */; };
		F7CCC7331D871E8300D539DE /* DataWriter.swift in Sources */ = {isa = PBXBuildFile; fileRef = F7CCC7301D871E8300D539DE /* DataWriter.swift */; };
		F7CCC7361D871F0800D539DE /* Endian.swift in Sources */ = {isa = PBXBuildFile; fileRef = F7CCC7351D871F0800D539DE /* Endian.swift */; };
		F7CCC7371D871F0800D539DE /* Endian.swift in Sources */ = {isa = PBXBuildFile; fileRef = F7CCC7351D871F0800D539DE /* Endian.swift */; };
		F7CCC7381D871F0800D539DE /* Endian.swift in Sources */ = {isa = PBXBuildFile; fileRef = F7CCC7351D871F0800D539DE /* Endian.swift */; };
		F7CCC73B1D8720EA00D539DE /* DataWriterTests.swift in Sources */ = {isa = PBXBuildFile; fileRef = F7CCC73A1D8720EA00D539DE /* DataWriterTests.swift */; };
		F7CCC73D1D87294500D539DE /* CoreExtensions.swift in Sources */ = {isa = PBXBuildFile; fileRef = F7CCC73C1D87294500D539DE /* CoreExtensions.swift */; };
		F7CCC73E1D87294500D539DE /* CoreExtensions.swift in Sources */ = {isa = PBXBuildFile; fileRef = F7CCC73C1D87294500D539DE /* CoreExtensions.swift */; };
		F7CCC73F1D87294500D539DE /* CoreExtensions.swift in Sources */ = {isa = PBXBuildFile; fileRef = F7CCC73C1D87294500D539DE /* CoreExtensions.swift */; };
		F7CCC7411D872CE300D539DE /* CoreExtensionsTests.swift in Sources */ = {isa = PBXBuildFile; fileRef = F7CCC7401D872CE300D539DE /* CoreExtensionsTests.swift */; };
		F7CCC7431D8736BA00D539DE /* BLEFragmentReader.swift in Sources */ = {isa = PBXBuildFile; fileRef = F7CCC7421D8736BA00D539DE /* BLEFragmentReader.swift */; };
		F7CCC7441D8736BA00D539DE /* BLEFragmentReader.swift in Sources */ = {isa = PBXBuildFile; fileRef = F7CCC7421D8736BA00D539DE /* BLEFragmentReader.swift */; };
		F7CCC7451D8736BA00D539DE /* BLEFragmentReader.swift in Sources */ = {isa = PBXBuildFile; fileRef = F7CCC7421D8736BA00D539DE /* BLEFragmentReader.swift */; };
		F7CCC7471D874DBB00D539DE /* BLEFragmentIterator.swift in Sources */ = {isa = PBXBuildFile; fileRef = F7CCC7461D874DBB00D539DE /* BLEFragmentIterator.swift */; };
		F7CCC7481D874DBB00D539DE /* BLEFragmentIterator.swift in Sources */ = {isa = PBXBuildFile; fileRef = F7CCC7461D874DBB00D539DE /* BLEFragmentIterator.swift */; };
		F7CCC7491D874DBB00D539DE /* BLEFragmentIterator.swift in Sources */ = {isa = PBXBuildFile; fileRef = F7CCC7461D874DBB00D539DE /* BLEFragmentIterator.swift */; };
		F7CCC74D1D8755DA00D539DE /* BLEFragmentReaderTests.swift in Sources */ = {isa = PBXBuildFile; fileRef = F7CCC74C1D8755DA00D539DE /* BLEFragmentReaderTests.swift */; };
		F7CCC7511D8760CE00D539DE /* BLEFragmentIteratorTests.swift in Sources */ = {isa = PBXBuildFile; fileRef = F7CCC7501D8760CE00D539DE /* BLEFragmentIteratorTests.swift */; };
		F7CCC7531D876A0D00D539DE /* APDUMessageProtocol.swift in Sources */ = {isa = PBXBuildFile; fileRef = F7CCC7521D876A0D00D539DE /* APDUMessageProtocol.swift */; };
		F7CCC7541D876A0D00D539DE /* APDUMessageProtocol.swift in Sources */ = {isa = PBXBuildFile; fileRef = F7CCC7521D876A0D00D539DE /* APDUMessageProtocol.swift */; };
		F7CCC7551D876A0D00D539DE /* APDUMessageProtocol.swift in Sources */ = {isa = PBXBuildFile; fileRef = F7CCC7521D876A0D00D539DE /* APDUMessageProtocol.swift */; };
		F7CCC7571D876ADA00D539DE /* APDUTrailer.swift in Sources */ = {isa = PBXBuildFile; fileRef = F7CCC7561D876ADA00D539DE /* APDUTrailer.swift */; };
		F7CCC7581D876ADA00D539DE /* APDUTrailer.swift in Sources */ = {isa = PBXBuildFile; fileRef = F7CCC7561D876ADA00D539DE /* APDUTrailer.swift */; };
		F7CCC7591D876ADA00D539DE /* APDUTrailer.swift in Sources */ = {isa = PBXBuildFile; fileRef = F7CCC7561D876ADA00D539DE /* APDUTrailer.swift */; };
		F7CCC75B1D876D6D00D539DE /* APDUResponse.swift in Sources */ = {isa = PBXBuildFile; fileRef = F7CCC75A1D876D6D00D539DE /* APDUResponse.swift */; };
		F7CCC75C1D876D6D00D539DE /* APDUResponse.swift in Sources */ = {isa = PBXBuildFile; fileRef = F7CCC75A1D876D6D00D539DE /* APDUResponse.swift */; };
		F7CCC75D1D876D6D00D539DE /* APDUResponse.swift in Sources */ = {isa = PBXBuildFile; fileRef = F7CCC75A1D876D6D00D539DE /* APDUResponse.swift */; };
		F7CCC75F1D876F8300D539DE /* APDUMessageDataProtocol.swift in Sources */ = {isa = PBXBuildFile; fileRef = F7CCC75E1D876F8300D539DE /* APDUMessageDataProtocol.swift */; };
		F7CCC7601D876F8300D539DE /* APDUMessageDataProtocol.swift in Sources */ = {isa = PBXBuildFile; fileRef = F7CCC75E1D876F8300D539DE /* APDUMessageDataProtocol.swift */; };
		F7CCC7611D876F8300D539DE /* APDUMessageDataProtocol.swift in Sources */ = {isa = PBXBuildFile; fileRef = F7CCC75E1D876F8300D539DE /* APDUMessageDataProtocol.swift */; };
		F7CCC7631D87782600D539DE /* APDUResponseTests.swift in Sources */ = {isa = PBXBuildFile; fileRef = F7CCC7621D87782600D539DE /* APDUResponseTests.swift */; };
/* End PBXBuildFile section */

/* Begin PBXContainerItemProxy section */
		F70373AF1D7BF78700FBB057 /* PBXContainerItemProxy */ = {
			isa = PBXContainerItemProxy;
			containerPortal = F78C5BD91D78854A001BB080 /* Project object */;
			proxyType = 1;
			remoteGlobalIDString = F78C5BE01D78854A001BB080;
			remoteInfo = SecurityKeyBLE;
		};
/* End PBXContainerItemProxy section */

/* Begin PBXFileReference section */
		F70373AA1D7BF78700FBB057 /* SecurityKeyBLETests.xctest */ = {isa = PBXFileReference; explicitFileType = wrapper.cfbundle; includeInIndex = 0; path = SecurityKeyBLETests.xctest; sourceTree = BUILT_PRODUCTS_DIR; };
		F70373AE1D7BF78700FBB057 /* Info.plist */ = {isa = PBXFileReference; lastKnownFileType = text.plist.xml; path = Info.plist; sourceTree = "<group>"; };
		F70373E01D7D64A900FBB057 /* SecurityKeyBLEClient.app */ = {isa = PBXFileReference; explicitFileType = wrapper.application; includeInIndex = 0; path = SecurityKeyBLEClient.app; sourceTree = BUILT_PRODUCTS_DIR; };
		F70373E21D7D64A900FBB057 /* AppDelegate.swift */ = {isa = PBXFileReference; lastKnownFileType = sourcecode.swift; path = AppDelegate.swift; sourceTree = "<group>"; };
		F70373E41D7D64A900FBB057 /* ViewController.swift */ = {isa = PBXFileReference; lastKnownFileType = sourcecode.swift; path = ViewController.swift; sourceTree = "<group>"; };
		F70373E61D7D64A900FBB057 /* Assets.xcassets */ = {isa = PBXFileReference; lastKnownFileType = folder.assetcatalog; path = Assets.xcassets; sourceTree = "<group>"; };
		F70373E91D7D64A900FBB057 /* Base */ = {isa = PBXFileReference; lastKnownFileType = file.storyboard; name = Base; path = Base.lproj/Main.storyboard; sourceTree = "<group>"; };
		F70373EB1D7D64A900FBB057 /* Info.plist */ = {isa = PBXFileReference; lastKnownFileType = text.plist.xml; path = Info.plist; sourceTree = "<group>"; };
		F7717FFA1D823678008D1CDB /* SecurityKeyBLEServer-Bridging-Header.h */ = {isa = PBXFileReference; lastKnownFileType = sourcecode.c.h; path = "SecurityKeyBLEServer-Bridging-Header.h"; sourceTree = "<group>"; };
		F7717FFB1D823678008D1CDB /* SecurityKeyBLEClient-Bridging-Header.h */ = {isa = PBXFileReference; lastKnownFileType = sourcecode.c.h; name = "SecurityKeyBLEClient-Bridging-Header.h"; path = "../SecurityKeyBLE/SecurityKeyBLEClient-Bridging-Header.h"; sourceTree = "<group>"; };
		F77180041D82B6C4008D1CDB /* SecurityKeyBLETests-Bridging-Header.h */ = {isa = PBXFileReference; lastKnownFileType = sourcecode.c.h; path = "SecurityKeyBLETests-Bridging-Header.h"; sourceTree = "<group>"; };
		F771800D1D83932A008D1CDB /* SHA256Tests.swift */ = {isa = PBXFileReference; fileEncoding = 4; lastKnownFileType = sourcecode.swift; path = SHA256Tests.swift; sourceTree = "<group>"; };
		F77180101D83B966008D1CDB /* BLEMessageTests.swift */ = {isa = PBXFileReference; fileEncoding = 4; lastKnownFileType = sourcecode.swift; path = BLEMessageTests.swift; sourceTree = "<group>"; };
		F77180141D83D419008D1CDB /* TestUtil.swift */ = {isa = PBXFileReference; fileEncoding = 4; lastKnownFileType = sourcecode.swift; path = TestUtil.swift; sourceTree = "<group>"; };
		F77180271D84108D008D1CDB /* BLEMessage.swift */ = {isa = PBXFileReference; fileEncoding = 4; lastKnownFileType = sourcecode.swift; name = BLEMessage.swift; path = Common/BLEMessage.swift; sourceTree = "<group>"; };
		F77180281D84108D008D1CDB /* ClientData.swift */ = {isa = PBXFileReference; fileEncoding = 4; lastKnownFileType = sourcecode.swift; name = ClientData.swift; path = Common/ClientData.swift; sourceTree = "<group>"; };
		F77180291D84108D008D1CDB /* Constants.swift */ = {isa = PBXFileReference; fileEncoding = 4; lastKnownFileType = sourcecode.swift; name = Constants.swift; path = Common/Constants.swift; sourceTree = "<group>"; };
		F771802A1D84108D008D1CDB /* CoreExtensionssss.swift */ = {isa = PBXFileReference; fileEncoding = 4; lastKnownFileType = sourcecode.swift; name = CoreExtensionssss.swift; path = Common/CoreExtensionssss.swift; sourceTree = "<group>"; };
		F771802B1D84108D008D1CDB /* RegisterRequest.swift */ = {isa = PBXFileReference; fileEncoding = 4; lastKnownFileType = sourcecode.swift; name = RegisterRequest.swift; path = Common/RegisterRequest.swift; sourceTree = "<group>"; };
		F771802D1D84108D008D1CDB /* SHA256.swift */ = {isa = PBXFileReference; fileEncoding = 4; lastKnownFileType = sourcecode.swift; name = SHA256.swift; path = Common/SHA256.swift; sourceTree = "<group>"; };
		F771802E1D84108D008D1CDB /* u2f.h */ = {isa = PBXFileReference; fileEncoding = 4; lastKnownFileType = sourcecode.c.h; name = u2f.h; path = Common/u2f.h; sourceTree = "<group>"; };
		F77CC2F51D7FB08800D28CAC /* StateMachine.swift */ = {isa = PBXFileReference; fileEncoding = 4; lastKnownFileType = sourcecode.swift; name = StateMachine.swift; path = StateMachine/StateMachine/StateMachine.swift; sourceTree = "<group>"; };
		F77CC2F81D801C4200D28CAC /* SecurityKeyClient.swift */ = {isa = PBXFileReference; fileEncoding = 4; lastKnownFileType = sourcecode.swift; path = SecurityKeyClient.swift; sourceTree = "<group>"; };
		F78C5BE11D78854A001BB080 /* SecurityKeyBLEServer.app */ = {isa = PBXFileReference; explicitFileType = wrapper.application; includeInIndex = 0; path = SecurityKeyBLEServer.app; sourceTree = BUILT_PRODUCTS_DIR; };
		F78C5BE41D78854B001BB080 /* AppDelegate.swift */ = {isa = PBXFileReference; lastKnownFileType = sourcecode.swift; path = AppDelegate.swift; sourceTree = "<group>"; };
		F78C5BE61D78854B001BB080 /* ViewController.swift */ = {isa = PBXFileReference; lastKnownFileType = sourcecode.swift; path = ViewController.swift; sourceTree = "<group>"; };
		F78C5BE91D78854B001BB080 /* Base */ = {isa = PBXFileReference; lastKnownFileType = file.storyboard; name = Base; path = Base.lproj/Main.storyboard; sourceTree = "<group>"; };
		F78C5BEB1D78854B001BB080 /* Assets.xcassets */ = {isa = PBXFileReference; lastKnownFileType = folder.assetcatalog; path = Assets.xcassets; sourceTree = "<group>"; };
		F78C5BEE1D78854B001BB080 /* Base */ = {isa = PBXFileReference; lastKnownFileType = file.storyboard; name = Base; path = Base.lproj/LaunchScreen.storyboard; sourceTree = "<group>"; };
		F78C5BF01D78854B001BB080 /* Info.plist */ = {isa = PBXFileReference; lastKnownFileType = text.plist.xml; path = Info.plist; sourceTree = "<group>"; };
		F78C5BF61D78862D001BB080 /* SecurityKeyServer.swift */ = {isa = PBXFileReference; fileEncoding = 4; lastKnownFileType = sourcecode.swift; path = SecurityKeyServer.swift; sourceTree = "<group>"; };
		F7CCC6DC1D85371200D539DE /* SelfSignedCertificate.h */ = {isa = PBXFileReference; fileEncoding = 4; lastKnownFileType = sourcecode.c.h; name = SelfSignedCertificate.h; path = SecurityKey/Extension/SelfSignedCertificate.h; sourceTree = "<group>"; };
		F7CCC6DD1D85371200D539DE /* SelfSignedCertificate.m */ = {isa = PBXFileReference; fileEncoding = 4; lastKnownFileType = sourcecode.c.objc; name = SelfSignedCertificate.m; path = SecurityKey/Extension/SelfSignedCertificate.m; sourceTree = "<group>"; };
		F7CCC6E11D85374700D539DE /* openssl.framework */ = {isa = PBXFileReference; lastKnownFileType = wrapper.framework; name = openssl.framework; path = SecurityKey/openssl.framework; sourceTree = "<group>"; };
		F7CCC6E41D85376A00D539DE /* KeyInterface.h */ = {isa = PBXFileReference; fileEncoding = 4; lastKnownFileType = sourcecode.c.h; name = KeyInterface.h; path = SecurityKey/Extension/KeyInterface/KeyInterface.h; sourceTree = "<group>"; };
		F7CCC6E51D85376A00D539DE /* KeyInterface.m */ = {isa = PBXFileReference; fileEncoding = 4; lastKnownFileType = sourcecode.c.objc; name = KeyInterface.m; path = SecurityKey/Extension/KeyInterface/KeyInterface.m; sourceTree = "<group>"; };
		F7CCC6E81D858E6300D539DE /* Authenticator.swift */ = {isa = PBXFileReference; fileEncoding = 4; lastKnownFileType = sourcecode.swift; name = Authenticator.swift; path = ../Common/Authenticator.swift; sourceTree = "<group>"; };
		F7CCC6EA1D858EA400D539DE /* RegisterResponse.swift */ = {isa = PBXFileReference; fileEncoding = 4; lastKnownFileType = sourcecode.swift; name = RegisterResponse.swift; path = Common/RegisterResponse.swift; sourceTree = "<group>"; };
		F7CCC6EC1D85940400D539DE /* ClientDataTests.swift */ = {isa = PBXFileReference; fileEncoding = 4; lastKnownFileType = sourcecode.swift; path = ClientDataTests.swift; sourceTree = "<group>"; };
		F7CCC6F61D85A12D00D539DE /* Util.swift */ = {isa = PBXFileReference; fileEncoding = 4; lastKnownFileType = sourcecode.swift; path = Util.swift; sourceTree = "<group>"; };
		F7CCC6F91D85A28800D539DE /* UtilTests.swift */ = {isa = PBXFileReference; fileEncoding = 4; lastKnownFileType = sourcecode.swift; path = UtilTests.swift; sourceTree = "<group>"; };
		F7CCC70C1D861E8C00D539DE /* APDUHeader.swift */ = {isa = PBXFileReference; fileEncoding = 4; lastKnownFileType = sourcecode.swift; path = APDUHeader.swift; sourceTree = "<group>"; };
		F7CCC7101D86202C00D539DE /* APDUError.swift */ = {isa = PBXFileReference; fileEncoding = 4; lastKnownFileType = sourcecode.swift; path = APDUError.swift; sourceTree = "<group>"; };
		F7CCC7161D862BF600D539DE /* RegisterRequestTests.swift */ = {isa = PBXFileReference; fileEncoding = 4; lastKnownFileType = sourcecode.swift; path = RegisterRequestTests.swift; sourceTree = "<group>"; };
		F7CCC7181D862F5F00D539DE /* RegisterResponseTests.swift */ = {isa = PBXFileReference; fileEncoding = 4; lastKnownFileType = sourcecode.swift; path = RegisterResponseTests.swift; sourceTree = "<group>"; };
		F7CCC71A1D86313D00D539DE /* APDUHeaderTests.swift */ = {isa = PBXFileReference; fileEncoding = 4; lastKnownFileType = sourcecode.swift; path = APDUHeaderTests.swift; sourceTree = "<group>"; };
		F7CCC7201D86326E00D539DE /* APDUCommand.swift */ = {isa = PBXFileReference; fileEncoding = 4; lastKnownFileType = sourcecode.swift; path = APDUCommand.swift; sourceTree = "<group>"; };
		F7CCC7241D86361E00D539DE /* APDUCommandTests.swift */ = {isa = PBXFileReference; fileEncoding = 4; lastKnownFileType = sourcecode.swift; path = APDUCommandTests.swift; sourceTree = "<group>"; };
		F7CCC7261D86371500D539DE /* DataReader.swift */ = {isa = PBXFileReference; fileEncoding = 4; lastKnownFileType = sourcecode.swift; path = DataReader.swift; sourceTree = "<group>"; };
		F7CCC72E1D8649A600D539DE /* DataReaderTests.swift */ = {isa = PBXFileReference; fileEncoding = 4; lastKnownFileType = sourcecode.swift; path = DataReaderTests.swift; sourceTree = "<group>"; };
		F7CCC7301D871E8300D539DE /* DataWriter.swift */ = {isa = PBXFileReference; fileEncoding = 4; lastKnownFileType = sourcecode.swift; path = DataWriter.swift; sourceTree = "<group>"; };
		F7CCC7351D871F0800D539DE /* Endian.swift */ = {isa = PBXFileReference; fileEncoding = 4; lastKnownFileType = sourcecode.swift; path = Endian.swift; sourceTree = "<group>"; };
		F7CCC73A1D8720EA00D539DE /* DataWriterTests.swift */ = {isa = PBXFileReference; fileEncoding = 4; lastKnownFileType = sourcecode.swift; path = DataWriterTests.swift; sourceTree = "<group>"; };
		F7CCC73C1D87294500D539DE /* CoreExtensions.swift */ = {isa = PBXFileReference; fileEncoding = 4; lastKnownFileType = sourcecode.swift; path = CoreExtensions.swift; sourceTree = "<group>"; };
		F7CCC7401D872CE300D539DE /* CoreExtensionsTests.swift */ = {isa = PBXFileReference; fileEncoding = 4; lastKnownFileType = sourcecode.swift; path = CoreExtensionsTests.swift; sourceTree = "<group>"; };
		F7CCC7421D8736BA00D539DE /* BLEFragmentReader.swift */ = {isa = PBXFileReference; fileEncoding = 4; lastKnownFileType = sourcecode.swift; path = BLEFragmentReader.swift; sourceTree = "<group>"; };
		F7CCC7461D874DBB00D539DE /* BLEFragmentIterator.swift */ = {isa = PBXFileReference; fileEncoding = 4; lastKnownFileType = sourcecode.swift; path = BLEFragmentIterator.swift; sourceTree = "<group>"; };
		F7CCC74C1D8755DA00D539DE /* BLEFragmentReaderTests.swift */ = {isa = PBXFileReference; fileEncoding = 4; lastKnownFileType = sourcecode.swift; path = BLEFragmentReaderTests.swift; sourceTree = "<group>"; };
		F7CCC7501D8760CE00D539DE /* BLEFragmentIteratorTests.swift */ = {isa = PBXFileReference; fileEncoding = 4; lastKnownFileType = sourcecode.swift; path = BLEFragmentIteratorTests.swift; sourceTree = "<group>"; };
		F7CCC7521D876A0D00D539DE /* APDUMessageProtocol.swift */ = {isa = PBXFileReference; fileEncoding = 4; lastKnownFileType = sourcecode.swift; path = APDUMessageProtocol.swift; sourceTree = "<group>"; };
		F7CCC7561D876ADA00D539DE /* APDUTrailer.swift */ = {isa = PBXFileReference; fileEncoding = 4; lastKnownFileType = sourcecode.swift; path = APDUTrailer.swift; sourceTree = "<group>"; };
		F7CCC75A1D876D6D00D539DE /* APDUResponse.swift */ = {isa = PBXFileReference; fileEncoding = 4; lastKnownFileType = sourcecode.swift; path = APDUResponse.swift; sourceTree = "<group>"; };
		F7CCC75E1D876F8300D539DE /* APDUMessageDataProtocol.swift */ = {isa = PBXFileReference; fileEncoding = 4; lastKnownFileType = sourcecode.swift; path = APDUMessageDataProtocol.swift; sourceTree = "<group>"; };
		F7CCC7621D87782600D539DE /* APDUResponseTests.swift */ = {isa = PBXFileReference; fileEncoding = 4; lastKnownFileType = sourcecode.swift; path = APDUResponseTests.swift; sourceTree = "<group>"; };
/* End PBXFileReference section */

/* Begin PBXFrameworksBuildPhase section */
		F70373A71D7BF78700FBB057 /* Frameworks */ = {
			isa = PBXFrameworksBuildPhase;
			buildActionMask = 2147483647;
			files = (
				F7CCC6E31D85374C00D539DE /* openssl.framework in Frameworks */,
			);
			runOnlyForDeploymentPostprocessing = 0;
		};
		F70373DD1D7D64A900FBB057 /* Frameworks */ = {
			isa = PBXFrameworksBuildPhase;
			buildActionMask = 2147483647;
			files = (
			);
			runOnlyForDeploymentPostprocessing = 0;
		};
		F78C5BDE1D78854A001BB080 /* Frameworks */ = {
			isa = PBXFrameworksBuildPhase;
			buildActionMask = 2147483647;
			files = (
				F7CCC6E21D85374700D539DE /* openssl.framework in Frameworks */,
			);
			runOnlyForDeploymentPostprocessing = 0;
		};
/* End PBXFrameworksBuildPhase section */

/* Begin PBXGroup section */
		F70373AB1D7BF78700FBB057 /* SecurityKeyBLETests */ = {
			isa = PBXGroup;
			children = (
				F7CCC7151D862BD200D539DE /* APDU */,
				F7CCC74B1D8755A800D539DE /* BLE */,
				F7CCC7391D8720D500D539DE /* Data */,
				F7CCC6F91D85A28800D539DE /* UtilTests.swift */,
				F7CCC6EC1D85940400D539DE /* ClientDataTests.swift */,
				F77180141D83D419008D1CDB /* TestUtil.swift */,
				F771800D1D83932A008D1CDB /* SHA256Tests.swift */,
				F70373AE1D7BF78700FBB057 /* Info.plist */,
				F77180041D82B6C4008D1CDB /* SecurityKeyBLETests-Bridging-Header.h */,
			);
			path = SecurityKeyBLETests;
			sourceTree = "<group>";
		};
		F70373E11D7D64A900FBB057 /* SecurityKeyBLEClient */ = {
			isa = PBXGroup;
			children = (
				F7717FFB1D823678008D1CDB /* SecurityKeyBLEClient-Bridging-Header.h */,
				F70373E21D7D64A900FBB057 /* AppDelegate.swift */,
				F70373E41D7D64A900FBB057 /* ViewController.swift */,
				F77CC2F81D801C4200D28CAC /* SecurityKeyClient.swift */,
				F70373E61D7D64A900FBB057 /* Assets.xcassets */,
				F70373E81D7D64A900FBB057 /* Main.storyboard */,
				F70373EB1D7D64A900FBB057 /* Info.plist */,
			);
			path = SecurityKeyBLEClient;
			sourceTree = "<group>";
		};
		F72E40311D81373D0059A0D7 /* StateMachine */ = {
			isa = PBXGroup;
			children = (
				F77CC2F51D7FB08800D28CAC /* StateMachine.swift */,
			);
			name = StateMachine;
			sourceTree = "<group>";
		};
		F77180221D840FAB008D1CDB /* Common */ = {
			isa = PBXGroup;
			children = (
				F7CCC7141D862B7900D539DE /* APDU */,
				F7CCC74A1D8754A700D539DE /* BLE */,
				F7CCC7341D871EF400D539DE /* Data */,
				F7CCC6F11D859FF900D539DE /* SecurityKey */,
				F72E40311D81373D0059A0D7 /* StateMachine */,
				F771802E1D84108D008D1CDB /* u2f.h */,
				F77180281D84108D008D1CDB /* ClientData.swift */,
				F77180291D84108D008D1CDB /* Constants.swift */,
				F771802A1D84108D008D1CDB /* CoreExtensionssss.swift */,
				F771802D1D84108D008D1CDB /* SHA256.swift */,
				F7CCC6F61D85A12D00D539DE /* Util.swift */,
			);
			name = Common;
			sourceTree = "<group>";
		};
		F78C5BD81D78854A001BB080 = {
			isa = PBXGroup;
			children = (
				F77180221D840FAB008D1CDB /* Common */,
				F78C5BE31D78854A001BB080 /* SecurityKeyBLEServer */,
				F70373AB1D7BF78700FBB057 /* SecurityKeyBLETests */,
				F70373E11D7D64A900FBB057 /* SecurityKeyBLEClient */,
				F78C5BE21D78854A001BB080 /* Products */,
			);
			sourceTree = "<group>";
		};
		F78C5BE21D78854A001BB080 /* Products */ = {
			isa = PBXGroup;
			children = (
				F78C5BE11D78854A001BB080 /* SecurityKeyBLEServer.app */,
				F70373AA1D7BF78700FBB057 /* SecurityKeyBLETests.xctest */,
				F70373E01D7D64A900FBB057 /* SecurityKeyBLEClient.app */,
			);
			name = Products;
			sourceTree = "<group>";
		};
		F78C5BE31D78854A001BB080 /* SecurityKeyBLEServer */ = {
			isa = PBXGroup;
			children = (
				F78C5BE41D78854B001BB080 /* AppDelegate.swift */,
				F78C5BF61D78862D001BB080 /* SecurityKeyServer.swift */,
				F7CCC6E81D858E6300D539DE /* Authenticator.swift */,
				F78C5BE61D78854B001BB080 /* ViewController.swift */,
				F78C5BE81D78854B001BB080 /* Main.storyboard */,
				F78C5BEB1D78854B001BB080 /* Assets.xcassets */,
				F78C5BED1D78854B001BB080 /* LaunchScreen.storyboard */,
				F78C5BF01D78854B001BB080 /* Info.plist */,
				F7717FFA1D823678008D1CDB /* SecurityKeyBLEServer-Bridging-Header.h */,
			);
			name = SecurityKeyBLEServer;
			path = SecurityKeyBLE;
			sourceTree = "<group>";
		};
		F7CCC6F11D859FF900D539DE /* SecurityKey */ = {
			isa = PBXGroup;
			children = (
				F7CCC6E41D85376A00D539DE /* KeyInterface.h */,
				F7CCC6E51D85376A00D539DE /* KeyInterface.m */,
				F7CCC6E11D85374700D539DE /* openssl.framework */,
				F7CCC6DC1D85371200D539DE /* SelfSignedCertificate.h */,
				F7CCC6DD1D85371200D539DE /* SelfSignedCertificate.m */,
			);
			name = SecurityKey;
			sourceTree = "<group>";
		};
		F7CCC7141D862B7900D539DE /* APDU */ = {
			isa = PBXGroup;
			children = (
				F7CCC7101D86202C00D539DE /* APDUError.swift */,
				F771802B1D84108D008D1CDB /* RegisterRequest.swift */,
				F7CCC7201D86326E00D539DE /* APDUCommand.swift */,
				F7CCC6EA1D858EA400D539DE /* RegisterResponse.swift */,
				F7CCC7561D876ADA00D539DE /* APDUTrailer.swift */,
				F7CCC75A1D876D6D00D539DE /* APDUResponse.swift */,
				F7CCC7521D876A0D00D539DE /* APDUMessageProtocol.swift */,
				F7CCC75E1D876F8300D539DE /* APDUMessageDataProtocol.swift */,
				F7CCC70C1D861E8C00D539DE /* APDUHeader.swift */,
			);
			name = APDU;
			sourceTree = "<group>";
		};
		F7CCC7151D862BD200D539DE /* APDU */ = {
			isa = PBXGroup;
			children = (
				F7CCC7621D87782600D539DE /* APDUResponseTests.swift */,
				F7CCC71A1D86313D00D539DE /* APDUHeaderTests.swift */,
				F7CCC7241D86361E00D539DE /* APDUCommandTests.swift */,
				F7CCC7161D862BF600D539DE /* RegisterRequestTests.swift */,
				F7CCC7181D862F5F00D539DE /* RegisterResponseTests.swift */,
			);
			name = APDU;
			sourceTree = "<group>";
		};
		F7CCC7341D871EF400D539DE /* Data */ = {
			isa = PBXGroup;
			children = (
				F7CCC7261D86371500D539DE /* DataReader.swift */,
				F7CCC7301D871E8300D539DE /* DataWriter.swift */,
				F7CCC73C1D87294500D539DE /* CoreExtensions.swift */,
				F7CCC7351D871F0800D539DE /* Endian.swift */,
			);
			name = Data;
			sourceTree = "<group>";
		};
		F7CCC7391D8720D500D539DE /* Data */ = {
			isa = PBXGroup;
			children = (
				F7CCC7401D872CE300D539DE /* CoreExtensionsTests.swift */,
				F7CCC73A1D8720EA00D539DE /* DataWriterTests.swift */,
				F7CCC72E1D8649A600D539DE /* DataReaderTests.swift */,
			);
			name = Data;
			sourceTree = "<group>";
		};
		F7CCC74A1D8754A700D539DE /* BLE */ = {
			isa = PBXGroup;
			children = (
				F77180271D84108D008D1CDB /* BLEMessage.swift */,
				F7CCC7421D8736BA00D539DE /* BLEFragmentReader.swift */,
				F7CCC7461D874DBB00D539DE /* BLEFragmentIterator.swift */,
			);
			name = BLE;
			sourceTree = "<group>";
		};
		F7CCC74B1D8755A800D539DE /* BLE */ = {
			isa = PBXGroup;
			children = (
				F7CCC7501D8760CE00D539DE /* BLEFragmentIteratorTests.swift */,
				F77180101D83B966008D1CDB /* BLEMessageTests.swift */,
				F7CCC74C1D8755DA00D539DE /* BLEFragmentReaderTests.swift */,
			);
			name = BLE;
			sourceTree = "<group>";
		};
/* End PBXGroup section */

/* Begin PBXNativeTarget section */
		F70373A91D7BF78700FBB057 /* SecurityKeyBLETests */ = {
			isa = PBXNativeTarget;
			buildConfigurationList = F70373B11D7BF78700FBB057 /* Build configuration list for PBXNativeTarget "SecurityKeyBLETests" */;
			buildPhases = (
				F70373A61D7BF78700FBB057 /* Sources */,
				F70373A71D7BF78700FBB057 /* Frameworks */,
				F70373A81D7BF78700FBB057 /* Resources */,
			);
			buildRules = (
			);
			dependencies = (
				F70373B01D7BF78700FBB057 /* PBXTargetDependency */,
			);
			name = SecurityKeyBLETests;
			productName = SecurityKeyBLETests;
			productReference = F70373AA1D7BF78700FBB057 /* SecurityKeyBLETests.xctest */;
			productType = "com.apple.product-type.bundle.unit-test";
		};
		F70373DF1D7D64A900FBB057 /* SecurityKeyBLEClient */ = {
			isa = PBXNativeTarget;
			buildConfigurationList = F70373EC1D7D64A900FBB057 /* Build configuration list for PBXNativeTarget "SecurityKeyBLEClient" */;
			buildPhases = (
				F70373DC1D7D64A900FBB057 /* Sources */,
				F70373DD1D7D64A900FBB057 /* Frameworks */,
				F70373DE1D7D64A900FBB057 /* Resources */,
			);
			buildRules = (
			);
			dependencies = (
			);
			name = SecurityKeyBLEClient;
			productName = SecurityKeyBLEClient;
			productReference = F70373E01D7D64A900FBB057 /* SecurityKeyBLEClient.app */;
			productType = "com.apple.product-type.application";
		};
		F78C5BE01D78854A001BB080 /* SecurityKeyBLEServer */ = {
			isa = PBXNativeTarget;
			buildConfigurationList = F78C5BF31D78854B001BB080 /* Build configuration list for PBXNativeTarget "SecurityKeyBLEServer" */;
			buildPhases = (
				F78C5BDD1D78854A001BB080 /* Sources */,
				F78C5BDE1D78854A001BB080 /* Frameworks */,
				F78C5BDF1D78854A001BB080 /* Resources */,
			);
			buildRules = (
			);
			dependencies = (
			);
			name = SecurityKeyBLEServer;
			productName = SecurityKeyBLE;
			productReference = F78C5BE11D78854A001BB080 /* SecurityKeyBLEServer.app */;
			productType = "com.apple.product-type.application";
		};
/* End PBXNativeTarget section */

/* Begin PBXProject section */
		F78C5BD91D78854A001BB080 /* Project object */ = {
			isa = PBXProject;
			attributes = {
				LastSwiftUpdateCheck = 0730;
				LastUpgradeCheck = 0730;
				ORGANIZATIONNAME = GitHub;
				TargetAttributes = {
					F70373A91D7BF78700FBB057 = {
						CreatedOnToolsVersion = 7.3.1;
						TestTargetID = F78C5BE01D78854A001BB080;
					};
					F70373DF1D7D64A900FBB057 = {
						CreatedOnToolsVersion = 7.3.1;
					};
					F78C5BE01D78854A001BB080 = {
						CreatedOnToolsVersion = 7.3.1;
					};
				};
			};
			buildConfigurationList = F78C5BDC1D78854A001BB080 /* Build configuration list for PBXProject "SecurityKeyBLE" */;
			compatibilityVersion = "Xcode 3.2";
			developmentRegion = English;
			hasScannedForEncodings = 0;
			knownRegions = (
				en,
				Base,
			);
			mainGroup = F78C5BD81D78854A001BB080;
			productRefGroup = F78C5BE21D78854A001BB080 /* Products */;
			projectDirPath = "";
			projectRoot = "";
			targets = (
				F78C5BE01D78854A001BB080 /* SecurityKeyBLEServer */,
				F70373A91D7BF78700FBB057 /* SecurityKeyBLETests */,
				F70373DF1D7D64A900FBB057 /* SecurityKeyBLEClient */,
			);
		};
/* End PBXProject section */

/* Begin PBXResourcesBuildPhase section */
		F70373A81D7BF78700FBB057 /* Resources */ = {
			isa = PBXResourcesBuildPhase;
			buildActionMask = 2147483647;
			files = (
			);
			runOnlyForDeploymentPostprocessing = 0;
		};
		F70373DE1D7D64A900FBB057 /* Resources */ = {
			isa = PBXResourcesBuildPhase;
			buildActionMask = 2147483647;
			files = (
				F70373E71D7D64A900FBB057 /* Assets.xcassets in Resources */,
				F70373EA1D7D64A900FBB057 /* Main.storyboard in Resources */,
			);
			runOnlyForDeploymentPostprocessing = 0;
		};
		F78C5BDF1D78854A001BB080 /* Resources */ = {
			isa = PBXResourcesBuildPhase;
			buildActionMask = 2147483647;
			files = (
				F78C5BEF1D78854B001BB080 /* LaunchScreen.storyboard in Resources */,
				F78C5BEC1D78854B001BB080 /* Assets.xcassets in Resources */,
				F78C5BEA1D78854B001BB080 /* Main.storyboard in Resources */,
			);
			runOnlyForDeploymentPostprocessing = 0;
		};
/* End PBXResourcesBuildPhase section */

/* Begin PBXSourcesBuildPhase section */
		F70373A61D7BF78700FBB057 /* Sources */ = {
			isa = PBXSourcesBuildPhase;
			buildActionMask = 2147483647;
			files = (
				F7CCC74D1D8755DA00D539DE /* BLEFragmentReaderTests.swift in Sources */,
				F7CCC7411D872CE300D539DE /* CoreExtensionsTests.swift in Sources */,
				F77180151D83D419008D1CDB /* TestUtil.swift in Sources */,
				F7CCC73B1D8720EA00D539DE /* DataWriterTests.swift in Sources */,
				F7CCC7321D871E8300D539DE /* DataWriter.swift in Sources */,
				F7CCC6F71D85A12D00D539DE /* Util.swift in Sources */,
				F7CCC7481D874DBB00D539DE /* BLEFragmentIterator.swift in Sources */,
				F7CCC72F1D8649A600D539DE /* DataReaderTests.swift in Sources */,
				F7CCC7191D862F5F00D539DE /* RegisterResponseTests.swift in Sources */,
				F77180411D8410C8008D1CDB /* RegisterRequest.swift in Sources */,
				F7CCC75C1D876D6D00D539DE /* APDUResponse.swift in Sources */,
				F7CCC6E71D85378500D539DE /* KeyInterface.m in Sources */,
				F7CCC7441D8736BA00D539DE /* BLEFragmentReader.swift in Sources */,
				F771800E1D83932A008D1CDB /* SHA256Tests.swift in Sources */,
				F7CCC7121D86202C00D539DE /* APDUError.swift in Sources */,
				F77180391D8410BB008D1CDB /* BLEMessage.swift in Sources */,
				F771803B1D8410BF008D1CDB /* ClientData.swift in Sources */,
				F7CCC6DF1D85372300D539DE /* SelfSignedCertificate.m in Sources */,
				F7CCC7171D862BF600D539DE /* RegisterRequestTests.swift in Sources */,
				F7CCC7541D876A0D00D539DE /* APDUMessageProtocol.swift in Sources */,
				F7CCC71B1D86313D00D539DE /* APDUHeaderTests.swift in Sources */,
				F7CCC7251D86361E00D539DE /* APDUCommandTests.swift in Sources */,
				F7CCC7581D876ADA00D539DE /* APDUTrailer.swift in Sources */,
				F7CCC7371D871F0800D539DE /* Endian.swift in Sources */,
				F7CCC6ED1D85940400D539DE /* ClientDataTests.swift in Sources */,
				F7CCC7221D86326E00D539DE /* APDUCommand.swift in Sources */,
				F7CCC6FB1D85A6E300D539DE /* RegisterResponse.swift in Sources */,
				F7CCC7631D87782600D539DE /* APDUResponseTests.swift in Sources */,
				F7CCC7601D876F8300D539DE /* APDUMessageDataProtocol.swift in Sources */,
				F7CCC70A1D86148300D539DE /* Authenticator.swift in Sources */,
				F77180111D83B966008D1CDB /* BLEMessageTests.swift in Sources */,
				F771803F1D8410C5008D1CDB /* CoreExtensionssss.swift in Sources */,
				F7CCC73E1D87294500D539DE /* CoreExtensions.swift in Sources */,
				F7CCC70E1D861E8C00D539DE /* APDUHeader.swift in Sources */,
				F7CCC7511D8760CE00D539DE /* BLEFragmentIteratorTests.swift in Sources */,
				F7CCC7281D86371500D539DE /* DataReader.swift in Sources */,
				F771803D1D8410C2008D1CDB /* Constants.swift in Sources */,
				F77180461D8410CF008D1CDB /* SHA256.swift in Sources */,
				F7CCC6FA1D85A28800D539DE /* UtilTests.swift in Sources */,
			);
			runOnlyForDeploymentPostprocessing = 0;
		};
		F70373DC1D7D64A900FBB057 /* Sources */ = {
			isa = PBXSourcesBuildPhase;
			buildActionMask = 2147483647;
			files = (
				F77CC2F91D801C4200D28CAC /* SecurityKeyClient.swift in Sources */,
				F70373E51D7D64A900FBB057 /* ViewController.swift in Sources */,
				F7CCC7551D876A0D00D539DE /* APDUMessageProtocol.swift in Sources */,
				F77180421D8410C9008D1CDB /* RegisterRequest.swift in Sources */,
				F7CCC7451D8736BA00D539DE /* BLEFragmentReader.swift in Sources */,
				F70373E31D7D64A900FBB057 /* AppDelegate.swift in Sources */,
				F771803A1D8410BB008D1CDB /* BLEMessage.swift in Sources */,
				F7CCC7231D86326E00D539DE /* APDUCommand.swift in Sources */,
				F7CCC7131D86202C00D539DE /* APDUError.swift in Sources */,
				F7CCC7591D876ADA00D539DE /* APDUTrailer.swift in Sources */,
				F7CCC73F1D87294500D539DE /* CoreExtensions.swift in Sources */,
				F7CCC7611D876F8300D539DE /* APDUMessageDataProtocol.swift in Sources */,
				F77180401D8410C6008D1CDB /* CoreExtensionssss.swift in Sources */,
				F7CCC7291D86371500D539DE /* DataReader.swift in Sources */,
				F7CCC6FD1D85A6F800D539DE /* Util.swift in Sources */,
				F7CCC7331D871E8300D539DE /* DataWriter.swift in Sources */,
				F77180451D8410CE008D1CDB /* SHA256.swift in Sources */,
				F77CC2F71D7FB09200D28CAC /* StateMachine.swift in Sources */,
				F7CCC6FC1D85A6E500D539DE /* RegisterResponse.swift in Sources */,
				F7CCC70B1D86148400D539DE /* Authenticator.swift in Sources */,
				F7CCC7491D874DBB00D539DE /* BLEFragmentIterator.swift in Sources */,
				F771803C1D8410BF008D1CDB /* ClientData.swift in Sources */,
				F7CCC7381D871F0800D539DE /* Endian.swift in Sources */,
				F7CCC70F1D861E8C00D539DE /* APDUHeader.swift in Sources */,
				F7CCC75D1D876D6D00D539DE /* APDUResponse.swift in Sources */,
				F771803E1D8410C2008D1CDB /* Constants.swift in Sources */,
			);
			runOnlyForDeploymentPostprocessing = 0;
		};
		F78C5BDD1D78854A001BB080 /* Sources */ = {
			isa = PBXSourcesBuildPhase;
			buildActionMask = 2147483647;
			files = (
				F7CCC70D1D861E8C00D539DE /* APDUHeader.swift in Sources */,
				F7CCC75B1D876D6D00D539DE /* APDUResponse.swift in Sources */,
				F7CCC7431D8736BA00D539DE /* BLEFragmentReader.swift in Sources */,
				F78C5BE71D78854B001BB080 /* ViewController.swift in Sources */,
				F7CCC7571D876ADA00D539DE /* APDUTrailer.swift in Sources */,
				F7CCC7311D871E8300D539DE /* DataWriter.swift in Sources */,
				F7CCC6E91D858E6300D539DE /* Authenticator.swift in Sources */,
				F78C5BF71D78862D001BB080 /* SecurityKeyServer.swift in Sources */,
				F7CCC7271D86371500D539DE /* DataReader.swift in Sources */,
				F7CCC6F81D85A20600D539DE /* Util.swift in Sources */,
				F7CCC7111D86202C00D539DE /* APDUError.swift in Sources */,
				F7CCC6EB1D858EA400D539DE /* RegisterResponse.swift in Sources */,
				F77180341D84108D008D1CDB /* RegisterRequest.swift in Sources */,
				F77CC2F61D7FB08800D28CAC /* StateMachine.swift in Sources */,
				F7CCC73D1D87294500D539DE /* CoreExtensions.swift in Sources */,
				F7CCC7531D876A0D00D539DE /* APDUMessageProtocol.swift in Sources */,
				F7CCC6E61D85376A00D539DE /* KeyInterface.m in Sources */,
				F77180301D84108D008D1CDB /* BLEMessage.swift in Sources */,
				F7CCC6DE1D85371200D539DE /* SelfSignedCertificate.m in Sources */,
				F77180331D84108D008D1CDB /* CoreExtensionssss.swift in Sources */,
				F77180361D84108D008D1CDB /* SHA256.swift in Sources */,
				F7CCC75F1D876F8300D539DE /* APDUMessageDataProtocol.swift in Sources */,
				F7CCC7361D871F0800D539DE /* Endian.swift in Sources */,
				F78C5BE51D78854B001BB080 /* AppDelegate.swift in Sources */,
				F77180311D84108D008D1CDB /* ClientData.swift in Sources */,
				F7CCC7471D874DBB00D539DE /* BLEFragmentIterator.swift in Sources */,
				F77180321D84108D008D1CDB /* Constants.swift in Sources */,
				F7CCC7211D86326E00D539DE /* APDUCommand.swift in Sources */,
			);
			runOnlyForDeploymentPostprocessing = 0;
		};
/* End PBXSourcesBuildPhase section */

/* Begin PBXTargetDependency section */
		F70373B01D7BF78700FBB057 /* PBXTargetDependency */ = {
			isa = PBXTargetDependency;
			target = F78C5BE01D78854A001BB080 /* SecurityKeyBLEServer */;
			targetProxy = F70373AF1D7BF78700FBB057 /* PBXContainerItemProxy */;
		};
/* End PBXTargetDependency section */

/* Begin PBXVariantGroup section */
		F70373E81D7D64A900FBB057 /* Main.storyboard */ = {
			isa = PBXVariantGroup;
			children = (
				F70373E91D7D64A900FBB057 /* Base */,
			);
			name = Main.storyboard;
			sourceTree = "<group>";
		};
		F78C5BE81D78854B001BB080 /* Main.storyboard */ = {
			isa = PBXVariantGroup;
			children = (
				F78C5BE91D78854B001BB080 /* Base */,
			);
			name = Main.storyboard;
			sourceTree = "<group>";
		};
		F78C5BED1D78854B001BB080 /* LaunchScreen.storyboard */ = {
			isa = PBXVariantGroup;
			children = (
				F78C5BEE1D78854B001BB080 /* Base */,
			);
			name = LaunchScreen.storyboard;
			sourceTree = "<group>";
		};
/* End PBXVariantGroup section */

/* Begin XCBuildConfiguration section */
		F70373B21D7BF78700FBB057 /* Debug */ = {
			isa = XCBuildConfiguration;
			buildSettings = {
				BUNDLE_LOADER = "$(TEST_HOST)";
				CLANG_ENABLE_MODULES = YES;
				FRAMEWORK_SEARCH_PATHS = (
					"$(inherited)",
					"$(PROJECT_DIR)/SecurityKey",
				);
				INFOPLIST_FILE = SecurityKeyBLETests/Info.plist;
				LD_RUNPATH_SEARCH_PATHS = "$(inherited) @executable_path/Frameworks @loader_path/Frameworks";
				PRODUCT_BUNDLE_IDENTIFIER = com.github.SecurityKeyBLETests;
				PRODUCT_NAME = "$(TARGET_NAME)";
				SWIFT_OBJC_BRIDGING_HEADER = "SecurityKeyBLETests/SecurityKeyBLETests-Bridging-Header.h";
				SWIFT_OPTIMIZATION_LEVEL = "-Onone";
				TEST_HOST = "$(BUILT_PRODUCTS_DIR)/SecurityKeyBLE.app/SecurityKeyBLE";
			};
			name = Debug;
		};
		F70373B31D7BF78700FBB057 /* Release */ = {
			isa = XCBuildConfiguration;
			buildSettings = {
				BUNDLE_LOADER = "$(TEST_HOST)";
				CLANG_ENABLE_MODULES = YES;
				FRAMEWORK_SEARCH_PATHS = (
					"$(inherited)",
					"$(PROJECT_DIR)/SecurityKey",
				);
				INFOPLIST_FILE = SecurityKeyBLETests/Info.plist;
				LD_RUNPATH_SEARCH_PATHS = "$(inherited) @executable_path/Frameworks @loader_path/Frameworks";
				PRODUCT_BUNDLE_IDENTIFIER = com.github.SecurityKeyBLETests;
				PRODUCT_NAME = "$(TARGET_NAME)";
				SWIFT_OBJC_BRIDGING_HEADER = "SecurityKeyBLETests/SecurityKeyBLETests-Bridging-Header.h";
				TEST_HOST = "$(BUILT_PRODUCTS_DIR)/SecurityKeyBLE.app/SecurityKeyBLE";
			};
			name = Release;
		};
		F70373ED1D7D64A900FBB057 /* Debug */ = {
			isa = XCBuildConfiguration;
			buildSettings = {
				ASSETCATALOG_COMPILER_APPICON_NAME = AppIcon;
				CLANG_ENABLE_MODULES = YES;
				CODE_SIGN_IDENTITY = "-";
				COMBINE_HIDPI_IMAGES = YES;
				INFOPLIST_FILE = SecurityKeyBLEClient/Info.plist;
				LD_RUNPATH_SEARCH_PATHS = "$(inherited) @executable_path/../Frameworks";
				MACOSX_DEPLOYMENT_TARGET = 10.11;
				PRODUCT_BUNDLE_IDENTIFIER = com.github.SecurityKeyBLEClient;
				PRODUCT_NAME = "$(TARGET_NAME)";
				SDKROOT = macosx;
				SWIFT_OBJC_BRIDGING_HEADER = "SecurityKeyBLE/SecurityKeyBLEClient-Bridging-Header.h";
				SWIFT_OPTIMIZATION_LEVEL = "-Onone";
			};
			name = Debug;
		};
		F70373EE1D7D64A900FBB057 /* Release */ = {
			isa = XCBuildConfiguration;
			buildSettings = {
				ASSETCATALOG_COMPILER_APPICON_NAME = AppIcon;
				CLANG_ENABLE_MODULES = YES;
				CODE_SIGN_IDENTITY = "-";
				COMBINE_HIDPI_IMAGES = YES;
				INFOPLIST_FILE = SecurityKeyBLEClient/Info.plist;
				LD_RUNPATH_SEARCH_PATHS = "$(inherited) @executable_path/../Frameworks";
				MACOSX_DEPLOYMENT_TARGET = 10.11;
				PRODUCT_BUNDLE_IDENTIFIER = com.github.SecurityKeyBLEClient;
				PRODUCT_NAME = "$(TARGET_NAME)";
				SDKROOT = macosx;
				SWIFT_OBJC_BRIDGING_HEADER = "SecurityKeyBLE/SecurityKeyBLEClient-Bridging-Header.h";
			};
			name = Release;
		};
		F78C5BF11D78854B001BB080 /* Debug */ = {
			isa = XCBuildConfiguration;
			buildSettings = {
				ALWAYS_SEARCH_USER_PATHS = NO;
				CLANG_ANALYZER_NONNULL = YES;
				CLANG_CXX_LANGUAGE_STANDARD = "gnu++0x";
				CLANG_CXX_LIBRARY = "libc++";
				CLANG_ENABLE_MODULES = YES;
				CLANG_ENABLE_OBJC_ARC = YES;
				CLANG_WARN_BOOL_CONVERSION = YES;
				CLANG_WARN_CONSTANT_CONVERSION = YES;
				CLANG_WARN_DIRECT_OBJC_ISA_USAGE = YES_ERROR;
				CLANG_WARN_EMPTY_BODY = YES;
				CLANG_WARN_ENUM_CONVERSION = YES;
				CLANG_WARN_INT_CONVERSION = YES;
				CLANG_WARN_OBJC_ROOT_CLASS = YES_ERROR;
				CLANG_WARN_UNREACHABLE_CODE = YES;
				CLANG_WARN__DUPLICATE_METHOD_MATCH = YES;
				"CODE_SIGN_IDENTITY[sdk=iphoneos*]" = "iPhone Developer";
				COPY_PHASE_STRIP = NO;
				DEBUG_INFORMATION_FORMAT = dwarf;
				ENABLE_STRICT_OBJC_MSGSEND = YES;
				ENABLE_TESTABILITY = YES;
				GCC_C_LANGUAGE_STANDARD = gnu99;
				GCC_DYNAMIC_NO_PIC = NO;
				GCC_NO_COMMON_BLOCKS = YES;
				GCC_OPTIMIZATION_LEVEL = 0;
				GCC_PREPROCESSOR_DEFINITIONS = (
					"DEBUG=1",
					"$(inherited)",
				);
				GCC_WARN_64_TO_32_BIT_CONVERSION = YES;
				GCC_WARN_ABOUT_RETURN_TYPE = YES_ERROR;
				GCC_WARN_UNDECLARED_SELECTOR = YES;
				GCC_WARN_UNINITIALIZED_AUTOS = YES_AGGRESSIVE;
				GCC_WARN_UNUSED_FUNCTION = YES;
				GCC_WARN_UNUSED_VARIABLE = YES;
				IPHONEOS_DEPLOYMENT_TARGET = 9.3;
				MTL_ENABLE_DEBUG_INFO = YES;
				ONLY_ACTIVE_ARCH = YES;
				SDKROOT = iphoneos;
				SWIFT_OPTIMIZATION_LEVEL = "-Onone";
			};
			name = Debug;
		};
		F78C5BF21D78854B001BB080 /* Release */ = {
			isa = XCBuildConfiguration;
			buildSettings = {
				ALWAYS_SEARCH_USER_PATHS = NO;
				CLANG_ANALYZER_NONNULL = YES;
				CLANG_CXX_LANGUAGE_STANDARD = "gnu++0x";
				CLANG_CXX_LIBRARY = "libc++";
				CLANG_ENABLE_MODULES = YES;
				CLANG_ENABLE_OBJC_ARC = YES;
				CLANG_WARN_BOOL_CONVERSION = YES;
				CLANG_WARN_CONSTANT_CONVERSION = YES;
				CLANG_WARN_DIRECT_OBJC_ISA_USAGE = YES_ERROR;
				CLANG_WARN_EMPTY_BODY = YES;
				CLANG_WARN_ENUM_CONVERSION = YES;
				CLANG_WARN_INT_CONVERSION = YES;
				CLANG_WARN_OBJC_ROOT_CLASS = YES_ERROR;
				CLANG_WARN_UNREACHABLE_CODE = YES;
				CLANG_WARN__DUPLICATE_METHOD_MATCH = YES;
				"CODE_SIGN_IDENTITY[sdk=iphoneos*]" = "iPhone Developer";
				COPY_PHASE_STRIP = NO;
				DEBUG_INFORMATION_FORMAT = "dwarf-with-dsym";
				ENABLE_NS_ASSERTIONS = NO;
				ENABLE_STRICT_OBJC_MSGSEND = YES;
				GCC_C_LANGUAGE_STANDARD = gnu99;
				GCC_NO_COMMON_BLOCKS = YES;
				GCC_WARN_64_TO_32_BIT_CONVERSION = YES;
				GCC_WARN_ABOUT_RETURN_TYPE = YES_ERROR;
				GCC_WARN_UNDECLARED_SELECTOR = YES;
				GCC_WARN_UNINITIALIZED_AUTOS = YES_AGGRESSIVE;
				GCC_WARN_UNUSED_FUNCTION = YES;
				GCC_WARN_UNUSED_VARIABLE = YES;
				IPHONEOS_DEPLOYMENT_TARGET = 9.3;
				MTL_ENABLE_DEBUG_INFO = NO;
				SDKROOT = iphoneos;
				VALIDATE_PRODUCT = YES;
			};
			name = Release;
		};
		F78C5BF41D78854B001BB080 /* Debug */ = {
			isa = XCBuildConfiguration;
			buildSettings = {
				ASSETCATALOG_COMPILER_APPICON_NAME = AppIcon;
				CLANG_ENABLE_MODULES = YES;
				FRAMEWORK_SEARCH_PATHS = (
					"$(inherited)",
					"$(PROJECT_DIR)/SecurityKey",
				);
				INFOPLIST_FILE = SecurityKeyBLE/Info.plist;
				LD_RUNPATH_SEARCH_PATHS = "$(inherited) @executable_path/Frameworks";
				PRODUCT_BUNDLE_IDENTIFIER = com.github.SecurityKeyBLEServer;
				PRODUCT_NAME = "$(TARGET_NAME)";
				SWIFT_OBJC_BRIDGING_HEADER = "SecurityKeyBLE/SecurityKeyBLEServer-Bridging-Header.h";
				SWIFT_OPTIMIZATION_LEVEL = "-Onone";
			};
			name = Debug;
		};
		F78C5BF51D78854B001BB080 /* Release */ = {
			isa = XCBuildConfiguration;
			buildSettings = {
				ASSETCATALOG_COMPILER_APPICON_NAME = AppIcon;
				CLANG_ENABLE_MODULES = YES;
				FRAMEWORK_SEARCH_PATHS = (
					"$(inherited)",
					"$(PROJECT_DIR)/SecurityKey",
				);
				INFOPLIST_FILE = SecurityKeyBLE/Info.plist;
				LD_RUNPATH_SEARCH_PATHS = "$(inherited) @executable_path/Frameworks";
				PRODUCT_BUNDLE_IDENTIFIER = com.github.SecurityKeyBLEServer;
				PRODUCT_NAME = "$(TARGET_NAME)";
				SWIFT_OBJC_BRIDGING_HEADER = "SecurityKeyBLE/SecurityKeyBLEServer-Bridging-Header.h";
			};
			name = Release;
		};
/* End XCBuildConfiguration section */

/* Begin XCConfigurationList section */
		F70373B11D7BF78700FBB057 /* Build configuration list for PBXNativeTarget "SecurityKeyBLETests" */ = {
			isa = XCConfigurationList;
			buildConfigurations = (
				F70373B21D7BF78700FBB057 /* Debug */,
				F70373B31D7BF78700FBB057 /* Release */,
			);
			defaultConfigurationIsVisible = 0;
			defaultConfigurationName = Release;
		};
		F70373EC1D7D64A900FBB057 /* Build configuration list for PBXNativeTarget "SecurityKeyBLEClient" */ = {
			isa = XCConfigurationList;
			buildConfigurations = (
				F70373ED1D7D64A900FBB057 /* Debug */,
				F70373EE1D7D64A900FBB057 /* Release */,
			);
			defaultConfigurationIsVisible = 0;
			defaultConfigurationName = Release;
		};
		F78C5BDC1D78854A001BB080 /* Build configuration list for PBXProject "SecurityKeyBLE" */ = {
			isa = XCConfigurationList;
			buildConfigurations = (
				F78C5BF11D78854B001BB080 /* Debug */,
				F78C5BF21D78854B001BB080 /* Release */,
			);
			defaultConfigurationIsVisible = 0;
			defaultConfigurationName = Release;
		};
		F78C5BF31D78854B001BB080 /* Build configuration list for PBXNativeTarget "SecurityKeyBLEServer" */ = {
			isa = XCConfigurationList;
			buildConfigurations = (
				F78C5BF41D78854B001BB080 /* Debug */,
				F78C5BF51D78854B001BB080 /* Release */,
			);
			defaultConfigurationIsVisible = 0;
			defaultConfigurationName = Release;
		};
/* End XCConfigurationList section */
	};
	rootObject = F78C5BD91D78854A001BB080 /* Project object */;
}
